
Microsoft Visual Studio Solution File, Format Version 12.00
# Visual Studio Version 17
VisualStudioVersion = 17.3.32922.545
MinimumVisualStudioVersion = 10.0.40219.1
Project("{FAE04EC0-301F-11D3-BF4B-00C04F79EFBC}") = "NZWalk.API", "NZWalk.API\NZWalk.API.csproj", "{6FB28283-1FD6-406E-92A2-A18BA8087B7E}"
EndProject
Global
	GlobalSection(SolutionConfigurationPlatforms) = preSolution
		Debug|Any CPU = Debug|Any CPU
		Release|Any CPU = Release|Any CPU
	EndGlobalSection
	GlobalSection(ProjectConfigurationPlatforms) = postSolution
		{6FB28283-1FD6-406E-92A2-A18BA8087B7E}.Debug|Any CPU.ActiveCfg = Debug|Any CPU
		{6FB28283-1FD6-406E-92A2-A18BA8087B7E}.Debug|Any CPU.Build.0 = Debug|Any CPU
		{6FB28283-1FD6-406E-92A2-A18BA8087B7E}.Release|Any CPU.ActiveCfg = Release|Any CPU
		{6FB28283-1FD6-406E-92A2-A18BA8087B7E}.Release|Any CPU.Build.0 = Release|Any CPU
	EndGlobalSection
	GlobalSection(SolutionProperties) = preSolution
		HideSolutionNode = FALSE
	EndGlobalSection
	GlobalSection(ExtensibilityGlobals) = postSolution
		SolutionGuid = {0D063FE1-0C8A-47BA-86F2-994604BEE005}
	EndGlobalSection
EndGlobal
